Microsoft Visual Studio Solution File, Format Version 12.00
# Visual Studio Version 17
VisualStudioVersion = 17.5.2.0
MinimumVisualStudioVersion = 10.0.40219.1
Project("{2150E333-8FDC-42A3-9474-1A3956D46DE8}") = "computationalEngineering", "computationalEngineering", "{B292A3FB-A8F9-4491-EE25-D819DFC15407}"
EndProject
Project("{FAE04EC0-301F-11D3-BF4B-00C04F79EFBC}") = "PicoGK", "computationalEngineering\PicoGK\PicoGK.csproj", "{73519164-DD6C-0DDA-BB2B-28D6637FB948}"
EndProject
Project("{2150E333-8FDC-42A3-9474-1A3956D46DE8}") = "Surfboard", "Surfboard", "{43E89C27-05EC-4282-D7CD-7DC4D20E7A8D}"
EndProject
Project("{FAE04EC0-301F-11D3-BF4B-00C04F79EFBC}") = "SurfboardGeometry", "computationalEngineering\Surfboard\SurfboardGeometry\SurfboardGeometry.csproj", "{21261209-AA0E-8AB1-97CA-78400E3943BA}"
EndProject
Global
	GlobalSection(SolutionConfigurationPlatforms) = preSolution
		Debug|Any CPU = Debug|Any CPU
		Release|Any CPU = Release|Any CPU
	EndGlobalSection
	GlobalSection(ProjectConfigurationPlatforms) = postSolution
		{73519164-DD6C-0DDA-BB2B-28D6637FB948}.Debug|Any CPU.ActiveCfg = Debug|Any CPU
		{73519164-DD6C-0DDA-BB2B-28D6637FB948}.Debug|Any CPU.Build.0 = Debug|Any CPU
		{73519164-DD6C-0DDA-BB2B-28D6637FB948}.Release|Any CPU.ActiveCfg = Release|Any CPU
		{73519164-DD6C-0DDA-BB2B-28D6637FB948}.Release|Any CPU.Build.0 = Release|Any CPU
		{21261209-AA0E-8AB1-97CA-78400E3943BA}.Debug|Any CPU.ActiveCfg = Debug|Any CPU
		{21261209-AA0E-8AB1-97CA-78400E3943BA}.Debug|Any CPU.Build.0 = Debug|Any CPU
		{21261209-AA0E-8AB1-97CA-78400E3943BA}.Release|Any CPU.ActiveCfg = Release|Any CPU
		{21261209-AA0E-8AB1-97CA-78400E3943BA}.Release|Any CPU.Build.0 = Release|Any CPU
	EndGlobalSection
	GlobalSection(SolutionProperties) = preSolution
		HideSolutionNode = FALSE
	EndGlobalSection
	GlobalSection(NestedProjects) = preSolution
		{73519164-DD6C-0DDA-BB2B-28D6637FB948} = {B292A3FB-A8F9-4491-EE25-D819DFC15407}
		{43E89C27-05EC-4282-D7CD-7DC4D20E7A8D} = {B292A3FB-A8F9-4491-EE25-D819DFC15407}
		{21261209-AA0E-8AB1-97CA-78400E3943BA} = {43E89C27-05EC-4282-D7CD-7DC4D20E7A8D}
	EndGlobalSection
	GlobalSection(ExtensibilityGlobals) = postSolution
		SolutionGuid = {75E11B86-8181-42B5-BA8D-462B59CD9A29}
	EndGlobalSection
EndGlobal
